// !$*UTF8*$!
{
	archiveVersion = 1;
	classes = {
	};
	objectVersion = 46;
	objects = {

/* Begin PBXBuildFile section */
		000AC48819B8007C007E190B /* Foundation.framework in Frameworks */ = {isa = PBXBuildFile; fileRef = 000AC48719B8007C007E190B /* Foundation.framework */; };
		000AC48A19B8007C007E190B /* CoreGraphics.framework in Frameworks */ = {isa = PBXBuildFile; fileRef = 000AC48919B8007C007E190B /* CoreGraphics.framework */; };
		000AC48C19B8007C007E190B /* UIKit.framework in Frameworks */ = {isa = PBXBuildFile; fileRef = 000AC48B19B8007C007E190B /* UIKit.framework */; };
		000AC49219B8007C007E190B /* InfoPlist.strings in Resources */ = {isa = PBXBuildFile; fileRef = 000AC49019B8007C007E190B /* InfoPlist.strings */; };
		000AC49419B8007C007E190B /* main.m in Sources */ = {isa = PBXBuildFile; fileRef = 000AC49319B8007C007E190B /* main.m */; };
		000AC49819B8007C007E190B /* SRSAppDelegate.m in Sources */ = {isa = PBXBuildFile; fileRef = 000AC49719B8007C007E190B /* SRSAppDelegate.m */; };
		000AC49B19B8007C007E190B /* Main.storyboard in Resources */ = {isa = PBXBuildFile; fileRef = 000AC49919B8007C007E190B /* Main.storyboard */; };
		000AC49E19B8007C007E190B /* SRSViewController.m in Sources */ = {isa = PBXBuildFile; fileRef = 000AC49D19B8007C007E190B /* SRSViewController.m */; };
		000AC4A019B8007C007E190B /* Images.xcassets in Resources */ = {isa = PBXBuildFile; fileRef = 000AC49F19B8007C007E190B /* Images.xcassets */; };
		000AC4A719B8007C007E190B /* XCTest.framework in Frameworks */ = {isa = PBXBuildFile; fileRef = 000AC4A619B8007C007E190B /* XCTest.framework */; };
		000AC4A819B8007C007E190B /* Foundation.framework in Frameworks */ = {isa = PBXBuildFile; fileRef = 000AC48719B8007C007E190B /* Foundation.framework */; };
		000AC4A919B8007C007E190B /* UIKit.framework in Frameworks */ = {isa = PBXBuildFile; fileRef = 000AC48B19B8007C007E190B /* UIKit.framework */; };
		000AC4B119B8007D007E190B /* InfoPlist.strings in Resources */ = {isa = PBXBuildFile; fileRef = 000AC4AF19B8007D007E190B /* InfoPlist.strings */; };
		000AC4B319B8007D007E190B /* SimpleRegisterScreenTests.m in Sources */ = {isa = PBXBuildFile; fileRef = 000AC4B219B8007D007E190B /* SimpleRegisterScreenTests.m */; };
		000AC4BD19B805A6007E190B /* QuartzCore.framework in Frameworks */ = {isa = PBXBuildFile; fileRef = 000AC4BC19B805A6007E190B /* QuartzCore.framework */; };
/* End PBXBuildFile section */

/* Begin PBXContainerItemProxy section */
		000AC4AA19B8007D007E190B /* PBXContainerItemProxy */ = {
			isa = PBXContainerItemProxy;
			containerPortal = 000AC47C19B8007C007E190B /* Project object */;
			proxyType = 1;
			remoteGlobalIDString = 000AC48319B8007C007E190B;
			remoteInfo = SimpleRegisterScreen;
		};
/* End PBXContainerItemProxy section */

/* Begin PBXFileReference section */
		000AC48419B8007C007E190B /* SimpleRegisterScreen.app */ = {isa = PBXFileReference; explicitFileType = wrapper.application; includeInIndex = 0; path = SimpleRegisterScreen.app; sourceTree = BUILT_PRODUCTS_DIR; };
		000AC48719B8007C007E190B /* Foundation.framework */ = {isa = PBXFileReference; lastKnownFileType = wrapper.framework; name = Foundation.framework; path = System/Library/Frameworks/Foundation.framework; sourceTree = SDKROOT; };
		000AC48919B8007C007E190B /* CoreGraphics.framework */ = {isa = PBXFileReference; lastKnownFileType = wrapper.framework; name = CoreGraphics.framework; path = System/Library/Frameworks/CoreGraphics.framework; sourceTree = SDKROOT; };
		000AC48B19B8007C007E190B /* UIKit.framework */ = {isa = PBXFileReference; lastKnownFileType = wrapper.framework; name = UIKit.framework; path = System/Library/Frameworks/UIKit.framework; sourceTree = SDKROOT; };
		000AC48F19B8007C007E190B /* SimpleRegisterScreen-Info.plist */ = {isa = PBXFileReference; lastKnownFileType = text.plist.xml; path = "SimpleRegisterScreen-Info.plist"; sourceTree = "<group>"; };
		000AC49119B8007C007E190B /* en */ = {isa = PBXFileReference; lastKnownFileType = text.plist.strings; name = en; path = en.lproj/InfoPlist.strings; sourceTree = "<group>"; };
		000AC49319B8007C007E190B /* main.m */ = {isa = PBXFileReference; lastKnownFileType = sourcecode.c.objc; path = main.m; sourceTree = "<group>"; };
		000AC49519B8007C007E190B /* SimpleRegisterScreen-Prefix.pch */ = {isa = PBXFileReference; lastKnownFileType = sourcecode.c.h; path = "SimpleRegisterScreen-Prefix.pch"; sourceTree = "<group>"; };
		000AC49619B8007C007E190B /* SRSAppDelegate.h */ = {isa = PBXFileReference; lastKnownFileType = sourcecode.c.h; path = SRSAppDelegate.h; sourceTree = "<group>"; };
		000AC49719B8007C007E190B /* SRSAppDelegate.m */ = {isa = PBXFileReference; lastKnownFileType = sourcecode.c.objc; path = SRSAppDelegate.m; sourceTree = "<group>"; };
		000AC49A19B8007C007E190B /* Base */ = {isa = PBXFileReference; lastKnownFileType = file.storyboard; name = Base; path = Base.lproj/Main.storyboard; sourceTree = "<group>"; };
		000AC49C19B8007C007E190B /* SRSViewController.h */ = {isa = PBXFileReference; lastKnownFileType = sourcecode.c.h; path = SRSViewController.h; sourceTree = "<group>"; };
		000AC49D19B8007C007E190B /* SRSViewController.m */ = {isa = PBXFileReference; lastKnownFileType = sourcecode.c.objc; path = SRSViewController.m; sourceTree = "<group>"; };
		000AC49F19B8007C007E190B /* Images.xcassets */ = {isa = PBXFileReference; lastKnownFileType = folder.assetcatalog; path = Images.xcassets; sourceTree = "<group>"; };
		000AC4A519B8007C007E190B /* SimpleRegisterScreenTests.xctest */ = {isa = PBXFileReference; explicitFileType = wrapper.cfbundle; includeInIndex = 0; path = SimpleRegisterScreenTests.xctest; sourceTree = BUILT_PRODUCTS_DIR; };
		000AC4A619B8007C007E190B /* XCTest.framework */ = {isa = PBXFileReference; lastKnownFileType = wrapper.framework; name = XCTest.framework; path = Library/Frameworks/XCTest.framework; sourceTree = DEVELOPER_DIR; };
		000AC4AE19B8007D007E190B /* SimpleRegisterScreenTests-Info.plist */ = {isa = PBXFileReference; lastKnownFileType = text.plist.xml; path = "SimpleRegisterScreenTests-Info.plist"; sourceTree = "<group>"; };
		000AC4B019B8007D007E190B /* en */ = {isa = PBXFileReference; lastKnownFileType = text.plist.strings; name = en; path = en.lproj/InfoPlist.strings; sourceTree = "<group>"; };
		000AC4B219B8007D007E190B /* SimpleRegisterScreenTests.m */ = {isa = PBXFileReference; lastKnownFileType = sourcecode.c.objc; path = SimpleRegisterScreenTests.m; sourceTree = "<group>"; };
		000AC4BC19B805A6007E190B /* QuartzCore.framework */ = {isa = PBXFileReference; lastKnownFileType = wrapper.framework; name = QuartzCore.framework; path = System/Library/Frameworks/QuartzCore.framework; sourceTree = SDKROOT; };
/* End PBXFileReference section */

/* Begin PBXFrameworksBuildPhase section */
		000AC48119B8007C007E190B /* Frameworks */ = {
			isa = PBXFrameworksBuildPhase;
			buildActionMask = 2147483647;
			files = (
				000AC4BD19B805A6007E190B /* QuartzCore.framework in Frameworks */,
				000AC48A19B8007C007E190B /* CoreGraphics.framework in Frameworks */,
				000AC48C19B8007C007E190B /* UIKit.framework in Frameworks */,
				000AC48819B8007C007E190B /* Foundation.framework in Frameworks */,
			);
			runOnlyForDeploymentPostprocessing = 0;
		};
		000AC4A219B8007C007E190B /* Frameworks */ = {
			isa = PBXFrameworksBuildPhase;
			buildActionMask = 2147483647;
			files = (
				000AC4A719B8007C007E190B /* XCTest.framework in Frameworks */,
				000AC4A919B8007C007E190B /* UIKit.framework in Frameworks */,
				000AC4A819B8007C007E190B /* Foundation.framework in Frameworks */,
			);
			runOnlyForDeploymentPostprocessing = 0;
		};
/* End PBXFrameworksBuildPhase section */

/* Begin PBXGroup section */
		000AC47B19B8007C007E190B = {
			isa = PBXGroup;
			children = (
				000AC48D19B8007C007E190B /* SimpleRegisterScreen */,
				000AC4AC19B8007D007E190B /* SimpleRegisterScreenTests */,
				000AC48619B8007C007E190B /* Frameworks */,
				000AC48519B8007C007E190B /* Products */,
			);
			sourceTree = "<group>";
		};
		000AC48519B8007C007E190B /* Products */ = {
			isa = PBXGroup;
			children = (
				000AC48419B8007C007E190B /* SimpleRegisterScreen.app */,
				000AC4A519B8007C007E190B /* SimpleRegisterScreenTests.xctest */,
			);
			name = Products;
			sourceTree = "<group>";
		};
		000AC48619B8007C007E190B /* Frameworks */ = {
			isa = PBXGroup;
			children = (
				000AC4BC19B805A6007E190B /* QuartzCore.framework */,
				000AC48719B8007C007E190B /* Foundation.framework */,
				000AC48919B8007C007E190B /* CoreGraphics.framework */,
				000AC48B19B8007C007E190B /* UIKit.framework */,
				000AC4A619B8007C007E190B /* XCTest.framework */,
			);
			name = Frameworks;
			sourceTree = "<group>";
		};
		000AC48D19B8007C007E190B /* SimpleRegisterScreen */ = {
			isa = PBXGroup;
			children = (
				000AC49619B8007C007E190B /* SRSAppDelegate.h */,
				000AC49719B8007C007E190B /* SRSAppDelegate.m */,
				000AC49919B8007C007E190B /* Main.storyboard */,
				000AC49C19B8007C007E190B /* SRSViewController.h */,
				000AC49D19B8007C007E190B /* SRSViewController.m */,
				000AC49F19B8007C007E190B /* Images.xcassets */,
				000AC48E19B8007C007E190B /* Supporting Files */,
			);
			path = SimpleRegisterScreen;
			sourceTree = "<group>";
		};
		000AC48E19B8007C007E190B /* Supporting Files */ = {
			isa = PBXGroup;
			children = (
				000AC48F19B8007C007E190B /* SimpleRegisterScreen-Info.plist */,
				000AC49019B8007C007E190B /* InfoPlist.strings */,
				000AC49319B8007C007E190B /* main.m */,
				000AC49519B8007C007E190B /* SimpleRegisterScreen-Prefix.pch */,
			);
			name = "Supporting Files";
			sourceTree = "<group>";
		};
		000AC4AC19B8007D007E190B /* SimpleRegisterScreenTests */ = {
			isa = PBXGroup;
			children = (
				000AC4B219B8007D007E190B /* SimpleRegisterScreenTests.m */,
				000AC4AD19B8007D007E190B /* Supporting Files */,
			);
			path = SimpleRegisterScreenTests;
			sourceTree = "<group>";
		};
		000AC4AD19B8007D007E190B /* Supporting Files */ = {
			isa = PBXGroup;
			children = (
				000AC4AE19B8007D007E190B /* SimpleRegisterScreenTests-Info.plist */,
				000AC4AF19B8007D007E190B /* InfoPlist.strings */,
			);
			name = "Supporting Files";
			sourceTree = "<group>";
		};
/* End PBXGroup section */

/* Begin PBXNativeTarget section */
		000AC48319B8007C007E190B /* SimpleRegisterScreen */ = {
			isa = PBXNativeTarget;
			buildConfigurationList = 000AC4B619B8007D007E190B /* Build configuration list for PBXNativeTarget "SimpleRegisterScreen" */;
			buildPhases = (
				000AC48019B8007C007E190B /* Sources */,
				000AC48119B8007C007E190B /* Frameworks */,
				000AC48219B8007C007E190B /* Resources */,
			);
			buildRules = (
			);
			dependencies = (
			);
			name = SimpleRegisterScreen;
			productName = SimpleRegisterScreen;
			productReference = 000AC48419B8007C007E190B /* SimpleRegisterScreen.app */;
			productType = "com.apple.product-type.application";
		};
		000AC4A419B8007C007E190B /* SimpleRegisterScreenTests */ = {
			isa = PBXNativeTarget;
			buildConfigurationList = 000AC4B919B8007D007E190B /* Build configuration list for PBXNativeTarget "SimpleRegisterScreenTests" */;
			buildPhases = (
				000AC4A119B8007C007E190B /* Sources */,
				000AC4A219B8007C007E190B /* Frameworks */,
				000AC4A319B8007C007E190B /* Resources */,
			);
			buildRules = (
			);
			dependencies = (
				000AC4AB19B8007D007E190B /* PBXTargetDependency */,
			);
			name = SimpleRegisterScreenTests;
			productName = SimpleRegisterScreenTests;
			productReference = 000AC4A519B8007C007E190B /* SimpleRegisterScreenTests.xctest */;
			productType = "com.apple.product-type.bundle.unit-test";
		};
/* End PBXNativeTarget section */

/* Begin PBXProject section */
		000AC47C19B8007C007E190B /* Project object */ = {
			isa = PBXProject;
			attributes = {
				CLASSPREFIX = SRS;
				LastUpgradeCheck = 0510;
				ORGANIZATIONNAME = Toadbytes;
				TargetAttributes = {
					000AC4A419B8007C007E190B = {
						TestTargetID = 000AC48319B8007C007E190B;
					};
				};
			};
			buildConfigurationList = 000AC47F19B8007C007E190B /* Build configuration list for PBXProject "SimpleRegisterScreen" */;
			compatibilityVersion = "Xcode 3.2";
			developmentRegion = English;
			hasScannedForEncodings = 0;
			knownRegions = (
				en,
				Base,
			);
			mainGroup = 000AC47B19B8007C007E190B;
			productRefGroup = 000AC48519B8007C007E190B /* Products */;
			projectDirPath = "";
			projectRoot = "";
			targets = (
				000AC48319B8007C007E190B /* SimpleRegisterScreen */,
				000AC4A419B8007C007E190B /* SimpleRegisterScreenTests */,
			);
		};
/* End PBXProject section */

/* Begin PBXResourcesBuildPhase section */
		000AC48219B8007C007E190B /* Resources */ = {
			isa = PBXResourcesBuildPhase;
			buildActionMask = 2147483647;
			files = (
				000AC4A019B8007C007E190B /* Images.xcassets in Resources */,
				000AC49219B8007C007E190B /* InfoPlist.strings in Resources */,
				000AC49B19B8007C007E190B /* Main.storyboard in Resources */,
			);
			runOnlyForDeploymentPostprocessing = 0;
		};
		000AC4A319B8007C007E190B /* Resources */ = {
			isa = PBXResourcesBuildPhase;
			buildActionMask = 2147483647;
			files = (
				000AC4B119B8007D007E190B /* InfoPlist.strings in Resources */,
			);
			runOnlyForDeploymentPostprocessing = 0;
		};
/* End PBXResourcesBuildPhase section */

/* Begin PBXSourcesBuildPhase section */
		000AC48019B8007C007E190B /* Sources */ = {
			isa = PBXSourcesBuildPhase;
			buildActionMask = 2147483647;
			files = (
				000AC49419B8007C007E190B /* main.m in Sources */,
				000AC49819B8007C007E190B /* SRSAppDelegate.m in Sources */,
				000AC49E19B8007C007E190B /* SRSViewController.m in Sources */,
			);
			runOnlyForDeploymentPostprocessing = 0;
		};
		000AC4A119B8007C007E190B /* Sources */ = {
			isa = PBXSourcesBuildPhase;
			buildActionMask = 2147483647;
			files = (
				000AC4B319B8007D007E190B /* SimpleRegisterScreenTests.m in Sources */,
			);
			runOnlyForDeploymentPostprocessing = 0;
		};
/* End PBXSourcesBuildPhase section */

/* Begin PBXTargetDependency section */
		000AC4AB19B8007D007E190B /* PBXTargetDependency */ = {
			isa = PBXTargetDependency;
			target = 000AC48319B8007C007E190B /* SimpleRegisterScreen */;
			targetProxy = 000AC4AA19B8007D007E190B /* PBXContainerItemProxy */;
		};
/* End PBXTargetDependency section */

/* Begin PBXVariantGroup section */
		000AC49019B8007C007E190B /* InfoPlist.strings */ = {
			isa = PBXVariantGroup;
			children = (
				000AC49119B8007C007E190B /* en */,
			);
			name = InfoPlist.strings;
			sourceTree = "<group>";
		};
		000AC49919B8007C007E190B /* Main.storyboard */ = {
			isa = PBXVariantGroup;
			children = (
				000AC49A19B8007C007E190B /* Base */,
			);
			name = Main.storyboard;
			sourceTree = "<group>";
		};
		000AC4AF19B8007D007E190B /* InfoPlist.strings */ = {
			isa = PBXVariantGroup;
			children = (
				000AC4B019B8007D007E190B /* en */,
			);
			name = InfoPlist.strings;
			sourceTree = "<group>";
		};
/* End PBXVariantGroup section */

/* Begin XCBuildConfiguration section */
		000AC4B419B8007D007E190B /* Debug */ = {
			isa = XCBuildConfiguration;
			buildSettings = {
				ALWAYS_SEARCH_USER_PATHS = NO;
				CLANG_CXX_LANGUAGE_STANDARD = "gnu++0x";
				CLANG_CXX_LIBRARY = "libc++";
				CLANG_ENABLE_MODULES = YES;
				CLANG_ENABLE_OBJC_ARC = YES;
				CLANG_WARN_BOOL_CONVERSION = YES;
				CLANG_WARN_CONSTANT_CONVERSION = YES;
				CLANG_WARN_DIRECT_OBJC_ISA_USAGE = YES_ERROR;
				CLANG_WARN_EMPTY_BODY = YES;
				CLANG_WARN_ENUM_CONVERSION = YES;
				CLANG_WARN_INT_CONVERSION = YES;
				CLANG_WARN_OBJC_ROOT_CLASS = YES_ERROR;
				CLANG_WARN__DUPLICATE_METHOD_MATCH = YES;
				"CODE_SIGN_IDENTITY[sdk=iphoneos*]" = "iPhone Developer";
				COPY_PHASE_STRIP = NO;
				GCC_C_LANGUAGE_STANDARD = gnu99;
				GCC_DYNAMIC_NO_PIC = NO;
				GCC_OPTIMIZATION_LEVEL = 0;
				GCC_PREPROCESSOR_DEFINITIONS = (
					"DEBUG=1",
					"$(inherited)",
				);
				GCC_SYMBOLS_PRIVATE_EXTERN = NO;
				GCC_WARN_64_TO_32_BIT_CONVERSION = YES;
				GCC_WARN_ABOUT_RETURN_TYPE = YES_ERROR;
				GCC_WARN_UNDECLARED_SELECTOR = YES;
				GCC_WARN_UNINITIALIZED_AUTOS = YES_AGGRESSIVE;
				GCC_WARN_UNUSED_FUNCTION = YES;
				GCC_WARN_UNUSED_VARIABLE = YES;
				IPHONEOS_DEPLOYMENT_TARGET = 7.1;
				ONLY_ACTIVE_ARCH = YES;
				SDKROOT = iphoneos;
			};
			name = Debug;
		};
		000AC4B519B8007D007E190B /* Release */ = {
			isa = XCBuildConfiguration;
			buildSettings = {
				ALWAYS_SEARCH_USER_PATHS = NO;
				CLANG_CXX_LANGUAGE_STANDARD = "gnu++0x";
				CLANG_CXX_LIBRARY = "libc++";
				CLANG_ENABLE_MODULES = YES;
				CLANG_ENABLE_OBJC_ARC = YES;
				CLANG_WARN_BOOL_CONVERSION = YES;
				CLANG_WARN_CONSTANT_CONVERSION = YES;
				CLANG_WARN_DIRECT_OBJC_ISA_USAGE = YES_ERROR;
				CLANG_WARN_EMPTY_BODY = YES;
				CLANG_WARN_ENUM_CONVERSION = YES;
				CLANG_WARN_INT_CONVERSION = YES;
				CLANG_WARN_OBJC_ROOT_CLASS = YES_ERROR;
				CLANG_WARN__DUPLICATE_METHOD_MATCH = YES;
				"CODE_SIGN_IDENTITY[sdk=iphoneos*]" = "iPhone Developer";
				COPY_PHASE_STRIP = YES;
				ENABLE_NS_ASSERTIONS = NO;
				GCC_C_LANGUAGE_STANDARD = gnu99;
				GCC_WARN_64_TO_32_BIT_CONVERSION = YES;
				GCC_WARN_ABOUT_RETURN_TYPE = YES_ERROR;
				GCC_WARN_UNDECLARED_SELECTOR = YES;
				GCC_WARN_UNINITIALIZED_AUTOS = YES_AGGRESSIVE;
				GCC_WARN_UNUSED_FUNCTION = YES;
				GCC_WARN_UNUSED_VARIABLE = YES;
				IPHONEOS_DEPLOYMENT_TARGET = 7.1;
				SDKROOT = iphoneos;
				VALIDATE_PRODUCT = YES;
			};
			name = Release;
		};
		000AC4B719B8007D007E190B /* Debug */ = {
			isa = XCBuildConfiguration;
			buildSettings = {
				ASSETCATALOG_COMPILER_APPICON_NAME = AppIcon;
				ASSETCATALOG_COMPILER_LAUNCHIMAGE_NAME = LaunchImage;
				GCC_PRECOMPILE_PREFIX_HEADER = YES;
				GCC_PREFIX_HEADER = "SimpleRegisterScreen/SimpleRegisterScreen-Prefix.pch";
				INFOPLIST_FILE = "SimpleRegisterScreen/SimpleRegisterScreen-Info.plist";
				PRODUCT_NAME = "$(TARGET_NAME)";
				WRAPPER_EXTENSION = app;
			};
			name = Debug;
		};
		000AC4B819B8007D007E190B /* Release */ = {
			isa = XCBuildConfiguration;
			buildSettings = {
				ASSETCATALOG_COMPILER_APPICON_NAME = AppIcon;
				ASSETCATALOG_COMPILER_LAUNCHIMAGE_NAME = LaunchImage;
				GCC_PRECOMPILE_PREFIX_HEADER = YES;
				GCC_PREFIX_HEADER = "SimpleRegisterScreen/SimpleRegisterScreen-Prefix.pch";
				INFOPLIST_FILE = "SimpleRegisterScreen/SimpleRegisterScreen-Info.plist";
				PRODUCT_NAME = "$(TARGET_NAME)";
				WRAPPER_EXTENSION = app;
			};
			name = Release;
		};
		000AC4BA19B8007D007E190B /* Debug */ = {
			isa = XCBuildConfiguration;
			buildSettings = {
				BUNDLE_LOADER = "$(BUILT_PRODUCTS_DIR)/SimpleRegisterScreen.app/SimpleRegisterScreen";
				FRAMEWORK_SEARCH_PATHS = (
					"$(SDKROOT)/Developer/Library/Frameworks",
					"$(inherited)",
					"$(DEVELOPER_FRAMEWORKS_DIR)",
				);
				GCC_PRECOMPILE_PREFIX_HEADER = YES;
				GCC_PREFIX_HEADER = "SimpleRegisterScreen/SimpleRegisterScreen-Prefix.pch";
				GCC_PREPROCESSOR_DEFINITIONS = (
					"DEBUG=1",
					"$(inherited)",
				);
				INFOPLIST_FILE = "SimpleRegisterScreenTests/SimpleRegisterScreenTests-Info.plist";
				PRODUCT_NAME = "$(TARGET_NAME)";
				TEST_HOST = "$(BUNDLE_LOADER)";
				WRAPPER_EXTENSION = xctest;
			};
			name = Debug;
		};
		000AC4BB19B8007D007E190B /* Release */ = {
			isa = XCBuildConfiguration;
			buildSettings = {
				BUNDLE_LOADER = "$(BUILT_PRODUCTS_DIR)/SimpleRegisterScreen.app/SimpleRegisterScreen";
				FRAMEWORK_SEARCH_PATHS = (
					"$(SDKROOT)/Developer/Library/Frameworks",
					"$(inherited)",
					"$(DEVELOPER_FRAMEWORKS_DIR)",
				);
				GCC_PRECOMPILE_PREFIX_HEADER = YES;
				GCC_PREFIX_HEADER = "SimpleRegisterScreen/SimpleRegisterScreen-Prefix.pch";
				INFOPLIST_FILE = "SimpleRegisterScreenTests/SimpleRegisterScreenTests-Info.plist";
				PRODUCT_NAME = "$(TARGET_NAME)";
				TEST_HOST = "$(BUNDLE_LOADER)";
				WRAPPER_EXTENSION = xctest;
			};
			name = Release;
		};
/* End XCBuildConfiguration section */

/* Begin XCConfigurationList section */
		000AC47F19B8007C007E190B /* Build configuration list for PBXProject "SimpleRegisterScreen" */ = {
			isa = XCConfigurationList;
			buildConfigurations = (
				000AC4B419B8007D007E190B /* Debug */,
				000AC4B519B8007D007E190B /* Release */,
			);
			defaultConfigurationIsVisible = 0;
			defaultConfigurationName = Release;
		};
		000AC4B619B8007D007E190B /* Build configuration list for PBXNativeTarget "SimpleRegisterScreen" */ = {
			isa = XCConfigurationList;
			buildConfigurations = (
				000AC4B719B8007D007E190B /* Debug */,
				000AC4B819B8007D007E190B /* Release */,
			);
			defaultConfigurationIsVisible = 0;
		};
		000AC4B919B8007D007E190B /* Build configuration list for PBXNativeTarget "SimpleRegisterScreenTests" */ = {
			isa = XCConfigurationList;
			buildConfigurations = (
				000AC4BA19B8007D007E190B /* Debug */,
				000AC4BB19B8007D007E190B /* Release */,
			);
			defaultConfigurationIsVisible = 0;
		};
/* End XCConfigurationList section */
	};
	rootObject = 000AC47C19B8007C007E190B /* Project object */;
}
